# THIS IS AN AUTOGENERATED FILE. DO NOT EDIT THIS FILE DIRECTLY.
# yarn lockfile v1


"@types/node@^12":
  version "12.12.22"
  resolved "https://registry.yarnpkg.com/@types/node/-/node-12.12.22.tgz#b8d9eae3328b96910a373cf06ac8d3c5abe9c200"
  integrity sha512-r5i93jqbPWGXYXxianGATOxTelkp6ih/U0WVnvaqAvTqM+0U6J3kw6Xk6uq/dWNRkEVw/0SLcO5ORXbVNz4FMQ==
